
Microsoft Visual Studio Solution File, Format Version 12.00
# Visual Studio 2012
Project("{FAE04EC0-301F-11D3-BF4B-00C04F79EFBC}") = "Spines.Mahjong.Analysis", "Spines.Mahjong.Analysis\Spines.Mahjong.Analysis.csproj", "{9203DC32-F5B6-47F7-9C66-CB98937534A5}"
EndProject
Project("{FAE04EC0-301F-11D3-BF4B-00C04F79EFBC}") = "Spines.Mahjong.Analysis.Tests", "Spines.Mahjong.Analysis.Tests\Spines.Mahjong.Analysis.Tests.csproj", "{D4E42BEC-8357-4744-82AC-74FD09B896D5}"
EndProject
Project("{FAE04EC0-301F-11D3-BF4B-00C04F79EFBC}") = "Spines.Mahjong.Analysis.InternalTests", "Spines.Mahjong.Analysis.InternalTests\Spines.Mahjong.Analysis.InternalTests.csproj", "{62E009A8-C8F0-4747-897E-2E913205D401}"
EndProject
Global
	GlobalSection(SolutionConfigurationPlatforms) = preSolution
		Debug|Any CPU = Debug|Any CPU
		Release|Any CPU = Release|Any CPU
	EndGlobalSection
	GlobalSection(ProjectConfigurationPlatforms) = postSolution
		{9203DC32-F5B6-47F7-9C66-CB98937534A5}.Debug|Any CPU.ActiveCfg = Debug|Any CPU
		{9203DC32-F5B6-47F7-9C66-CB98937534A5}.Debug|Any CPU.Build.0 = Debug|Any CPU
		{9203DC32-F5B6-47F7-9C66-CB98937534A5}.Release|Any CPU.ActiveCfg = Release|Any CPU
		{9203DC32-F5B6-47F7-9C66-CB98937534A5}.Release|Any CPU.Build.0 = Release|Any CPU
		{D4E42BEC-8357-4744-82AC-74FD09B896D5}.Debug|Any CPU.ActiveCfg = Debug|Any CPU
		{D4E42BEC-8357-4744-82AC-74FD09B896D5}.Debug|Any CPU.Build.0 = Debug|Any CPU
		{D4E42BEC-8357-4744-82AC-74FD09B896D5}.Release|Any CPU.ActiveCfg = Release|Any CPU
		{D4E42BEC-8357-4744-82AC-74FD09B896D5}.Release|Any CPU.Build.0 = Release|Any CPU
		{62E009A8-C8F0-4747-897E-2E913205D401}.Debug|Any CPU.ActiveCfg = Debug|Any CPU
		{62E009A8-C8F0-4747-897E-2E913205D401}.Debug|Any CPU.Build.0 = Debug|Any CPU
		{62E009A8-C8F0-4747-897E-2E913205D401}.Release|Any CPU.ActiveCfg = Release|Any CPU
		{62E009A8-C8F0-4747-897E-2E913205D401}.Release|Any CPU.Build.0 = Release|Any CPU
	EndGlobalSection
	GlobalSection(SolutionProperties) = preSolution
		HideSolutionNode = FALSE
	EndGlobalSection
EndGlobal
