
Microsoft Visual Studio Solution File, Format Version 12.00
# Visual Studio 14
VisualStudioVersion = 14.0.25123.0
MinimumVisualStudioVersion = 10.0.40219.1
Project("{FAE04EC0-301F-11D3-BF4B-00C04F79EFBC}") = "Spines.Tenhou.Client", "Spines.Tenhou.Client\Spines.Tenhou.Client.csproj", "{4F66968A-36E4-423D-9D0E-8AC5DC8C9B18}"
EndProject
Project("{FAE04EC0-301F-11D3-BF4B-00C04F79EFBC}") = "Spines.Tenhou.Client.InternalTests", "Spines.Tenhou.Client.InternalTests\Spines.Tenhou.Client.InternalTests.csproj", "{3EE6118D-CA00-49C7-B2FD-150A9EED7DA4}"
EndProject
Global
	GlobalSection(SolutionConfigurationPlatforms) = preSolution
		Debug|Any CPU = Debug|Any CPU
		Release|Any CPU = Release|Any CPU
	EndGlobalSection
	GlobalSection(ProjectConfigurationPlatforms) = postSolution
		{4F66968A-36E4-423D-9D0E-8AC5DC8C9B18}.Debug|Any CPU.ActiveCfg = Debug|Any CPU
		{4F66968A-36E4-423D-9D0E-8AC5DC8C9B18}.Debug|Any CPU.Build.0 = Debug|Any CPU
		{4F66968A-36E4-423D-9D0E-8AC5DC8C9B18}.Release|Any CPU.ActiveCfg = Release|Any CPU
		{4F66968A-36E4-423D-9D0E-8AC5DC8C9B18}.Release|Any CPU.Build.0 = Release|Any CPU
		{3EE6118D-CA00-49C7-B2FD-150A9EED7DA4}.Debug|Any CPU.ActiveCfg = Debug|Any CPU
		{3EE6118D-CA00-49C7-B2FD-150A9EED7DA4}.Debug|Any CPU.Build.0 = Debug|Any CPU
		{3EE6118D-CA00-49C7-B2FD-150A9EED7DA4}.Release|Any CPU.ActiveCfg = Release|Any CPU
		{3EE6118D-CA00-49C7-B2FD-150A9EED7DA4}.Release|Any CPU.Build.0 = Release|Any CPU
	EndGlobalSection
	GlobalSection(SolutionProperties) = preSolution
		HideSolutionNode = FALSE
	EndGlobalSection
EndGlobal
