
Microsoft Visual Studio Solution File, Format Version 12.00
# Visual Studio 15
VisualStudioVersion = 15.0.27004.2002
MinimumVisualStudioVersion = 10.0.40219.1
Project("{FAE04EC0-301F-11D3-BF4B-00C04F79EFBC}") = "Spines.Hana.Snitch", "Spines.Hana.Snitch\Spines.Hana.Snitch.csproj", "{A0D6A184-2ECC-48C8-B6C3-4FBB80C7154B}"
EndProject
Global
	GlobalSection(SolutionConfigurationPlatforms) = preSolution
		Debug|Any CPU = Debug|Any CPU
		Release|Any CPU = Release|Any CPU
	EndGlobalSection
	GlobalSection(ProjectConfigurationPlatforms) = postSolution
		{A0D6A184-2ECC-48C8-B6C3-4FBB80C7154B}.Debug|Any CPU.ActiveCfg = Debug|Any CPU
		{A0D6A184-2ECC-48C8-B6C3-4FBB80C7154B}.Debug|Any CPU.Build.0 = Debug|Any CPU
		{A0D6A184-2ECC-48C8-B6C3-4FBB80C7154B}.Release|Any CPU.ActiveCfg = Release|Any CPU
		{A0D6A184-2ECC-48C8-B6C3-4FBB80C7154B}.Release|Any CPU.Build.0 = Release|Any CPU
	EndGlobalSection
	GlobalSection(SolutionProperties) = preSolution
		HideSolutionNode = FALSE
	EndGlobalSection
	GlobalSection(ExtensibilityGlobals) = postSolution
		SolutionGuid = {61564729-8FF9-4C6F-B80F-D758C9627E9D}
	EndGlobalSection
EndGlobal
